
Microsoft Visual Studio Solution File, Format Version 12.00
# Visual Studio 15
VisualStudioVersion = 15.0.28307.960
MinimumVisualStudioVersion = 10.0.40219.1
Project("{9092AA53-FB77-4645-B42D-1CCCA6BD08BD}") = "PassportAuthentication", "PassportAuthentication.njsproj", "{5EED7F76-2769-4B5B-8E48-3C2FB10E8903}"
EndProject
Global
	GlobalSection(SolutionConfigurationPlatforms) = preSolution
		Debug|Any CPU = Debug|Any CPU
		Release|Any CPU = Release|Any CPU
	EndGlobalSection
	GlobalSection(ProjectConfigurationPlatforms) = postSolution
		{5EED7F76-2769-4B5B-8E48-3C2FB10E8903}.Debug|Any CPU.ActiveCfg = Debug|Any CPU
		{5EED7F76-2769-4B5B-8E48-3C2FB10E8903}.Debug|Any CPU.Build.0 = Debug|Any CPU
		{5EED7F76-2769-4B5B-8E48-3C2FB10E8903}.Release|Any CPU.ActiveCfg = Release|Any CPU
		{5EED7F76-2769-4B5B-8E48-3C2FB10E8903}.Release|Any CPU.Build.0 = Release|Any CPU
	EndGlobalSection
	GlobalSection(SolutionProperties) = preSolution
		HideSolutionNode = FALSE
	EndGlobalSection
	GlobalSection(ExtensibilityGlobals) = postSolution
		SolutionGuid = {DCF8A4F5-898C-42EB-9D6A-D52838DC87B6}
	EndGlobalSection
EndGlobal
